
Microsoft Visual Studio Solution File, Format Version 12.00
# Visual Studio Version 17
VisualStudioVersion = 17.11.35312.102
MinimumVisualStudioVersion = 10.0.40219.1
Project("{FAE04EC0-301F-11D3-BF4B-00C04F79EFBC}") = "WebTicket", "WebTicket\WebTicket.csproj", "{77B46B94-818D-46FB-9D98-295F6B9582BE}"
EndProject
Project("{FAE04EC0-301F-11D3-BF4B-00C04F79EFBC}") = "Repositories", "Repositories\Repositories.csproj", "{0D979CE7-8613-4F41-923B-FDAAE0569D97}"
EndProject
Project("{FAE04EC0-301F-11D3-BF4B-00C04F79EFBC}") = "Services", "Services\Services.csproj", "{E68E5C93-24A9-454D-9668-17CA376D557E}"
EndProject
Project("{9A19103F-16F7-4668-BE54-9A1E7A4F7556}") = "Common", "Common\Common.csproj", "{2916DCF2-D648-48A2-ADA4-70FFE3F80CDB}"
EndProject
Project("{FAE04EC0-301F-11D3-BF4B-00C04F79EFBC}") = "Entities", "Entities\Entities.csproj", "{95DEACA9-1CB2-42E7-9F3A-CBAFB61C7B51}"
EndProject
Project("{FAE04EC0-301F-11D3-BF4B-00C04F79EFBC}") = "Testing", "Testing\Testing.csproj", "{22B2CE73-CF38-4572-9B61-2E756425D105}"
EndProject
Global
	GlobalSection(SolutionConfigurationPlatforms) = preSolution
		Debug|Any CPU = Debug|Any CPU
		Release|Any CPU = Release|Any CPU
	EndGlobalSection
	GlobalSection(ProjectConfigurationPlatforms) = postSolution
		{77B46B94-818D-46FB-9D98-295F6B9582BE}.Debug|Any CPU.ActiveCfg = Debug|Any CPU
		{77B46B94-818D-46FB-9D98-295F6B9582BE}.Debug|Any CPU.Build.0 = Debug|Any CPU
		{77B46B94-818D-46FB-9D98-295F6B9582BE}.Release|Any CPU.ActiveCfg = Release|Any CPU
		{77B46B94-818D-46FB-9D98-295F6B9582BE}.Release|Any CPU.Build.0 = Release|Any CPU
		{0D979CE7-8613-4F41-923B-FDAAE0569D97}.Debug|Any CPU.ActiveCfg = Debug|Any CPU
		{0D979CE7-8613-4F41-923B-FDAAE0569D97}.Debug|Any CPU.Build.0 = Debug|Any CPU
		{0D979CE7-8613-4F41-923B-FDAAE0569D97}.Release|Any CPU.ActiveCfg = Release|Any CPU
		{0D979CE7-8613-4F41-923B-FDAAE0569D97}.Release|Any CPU.Build.0 = Release|Any CPU
		{E68E5C93-24A9-454D-9668-17CA376D557E}.Debug|Any CPU.ActiveCfg = Debug|Any CPU
		{E68E5C93-24A9-454D-9668-17CA376D557E}.Debug|Any CPU.Build.0 = Debug|Any CPU
		{E68E5C93-24A9-454D-9668-17CA376D557E}.Release|Any CPU.ActiveCfg = Release|Any CPU
		{E68E5C93-24A9-454D-9668-17CA376D557E}.Release|Any CPU.Build.0 = Release|Any CPU
		{2916DCF2-D648-48A2-ADA4-70FFE3F80CDB}.Debug|Any CPU.ActiveCfg = Debug|Any CPU
		{2916DCF2-D648-48A2-ADA4-70FFE3F80CDB}.Debug|Any CPU.Build.0 = Debug|Any CPU
		{2916DCF2-D648-48A2-ADA4-70FFE3F80CDB}.Release|Any CPU.ActiveCfg = Release|Any CPU
		{2916DCF2-D648-48A2-ADA4-70FFE3F80CDB}.Release|Any CPU.Build.0 = Release|Any CPU
		{95DEACA9-1CB2-42E7-9F3A-CBAFB61C7B51}.Debug|Any CPU.ActiveCfg = Debug|Any CPU
		{95DEACA9-1CB2-42E7-9F3A-CBAFB61C7B51}.Debug|Any CPU.Build.0 = Debug|Any CPU
		{95DEACA9-1CB2-42E7-9F3A-CBAFB61C7B51}.Release|Any CPU.ActiveCfg = Release|Any CPU
		{95DEACA9-1CB2-42E7-9F3A-CBAFB61C7B51}.Release|Any CPU.Build.0 = Release|Any CPU
		{22B2CE73-CF38-4572-9B61-2E756425D105}.Debug|Any CPU.ActiveCfg = Debug|Any CPU
		{22B2CE73-CF38-4572-9B61-2E756425D105}.Debug|Any CPU.Build.0 = Debug|Any CPU
		{22B2CE73-CF38-4572-9B61-2E756425D105}.Release|Any CPU.ActiveCfg = Release|Any CPU
		{22B2CE73-CF38-4572-9B61-2E756425D105}.Release|Any CPU.Build.0 = Release|Any CPU
	EndGlobalSection
	GlobalSection(SolutionProperties) = preSolution
		HideSolutionNode = FALSE
	EndGlobalSection
	GlobalSection(ExtensibilityGlobals) = postSolution
		SolutionGuid = {F14B892A-213F-4F59-8B84-7DA1C5A9BF57}
	EndGlobalSection
EndGlobal
